
Microsoft Visual Studio Solution File, Format Version 12.00
# Visual Studio Version 16
VisualStudioVersion = 16.0.30717.126
MinimumVisualStudioVersion = 10.0.40219.1
Project("{9A19103F-16F7-4668-BE54-9A1E7A4F7556}") = "week1Homework_LinChin", "week1Homework_LinChin.csproj", "{CC15E059-45CC-46AD-908D-D93B11CC7998}"
EndProject
Global
	GlobalSection(SolutionConfigurationPlatforms) = preSolution
		Debug|Any CPU = Debug|Any CPU
		Release|Any CPU = Release|Any CPU
	EndGlobalSection
	GlobalSection(ProjectConfigurationPlatforms) = postSolution
		{CC15E059-45CC-46AD-908D-D93B11CC7998}.Debug|Any CPU.ActiveCfg = Debug|Any CPU
		{CC15E059-45CC-46AD-908D-D93B11CC7998}.Debug|Any CPU.Build.0 = Debug|Any CPU
		{CC15E059-45CC-46AD-908D-D93B11CC7998}.Release|Any CPU.ActiveCfg = Release|Any CPU
		{CC15E059-45CC-46AD-908D-D93B11CC7998}.Release|Any CPU.Build.0 = Release|Any CPU
	EndGlobalSection
	GlobalSection(SolutionProperties) = preSolution
		HideSolutionNode = FALSE
	EndGlobalSection
	GlobalSection(ExtensibilityGlobals) = postSolution
		SolutionGuid = {4E307247-AF5E-4B2B-A904-5BD7F4F24E4A}
	EndGlobalSection
EndGlobal
